
Microsoft Visual Studio Solution File, Format Version 12.00
# Visual Studio Version 17
VisualStudioVersion = 17.3.32929.385
MinimumVisualStudioVersion = 10.0.40219.1
Project("{FAE04EC0-301F-11D3-BF4B-00C04F79EFBC}") = "Correlation", "Correlation\Correlation.csproj", "{14C5D112-D8DB-4D9B-A80F-D5B7D438FA23}"
EndProject
Project("{FAE04EC0-301F-11D3-BF4B-00C04F79EFBC}") = "CorrelationCalcUnitTests", "CorrelationCalcUnitTests\CorrelationCalcUnitTests.csproj", "{47248A88-177B-4F01-8461-D38DC8F20DC0}"
	ProjectSection(ProjectDependencies) = postProject
		{14C5D112-D8DB-4D9B-A80F-D5B7D438FA23} = {14C5D112-D8DB-4D9B-A80F-D5B7D438FA23}
	EndProjectSection
EndProject
Global
	GlobalSection(SolutionConfigurationPlatforms) = preSolution
		Debug|Any CPU = Debug|Any CPU
		Release|Any CPU = Release|Any CPU
	EndGlobalSection
	GlobalSection(ProjectConfigurationPlatforms) = postSolution
		{14C5D112-D8DB-4D9B-A80F-D5B7D438FA23}.Debug|Any CPU.ActiveCfg = Debug|Any CPU
		{14C5D112-D8DB-4D9B-A80F-D5B7D438FA23}.Debug|Any CPU.Build.0 = Debug|Any CPU
		{14C5D112-D8DB-4D9B-A80F-D5B7D438FA23}.Release|Any CPU.ActiveCfg = Release|Any CPU
		{14C5D112-D8DB-4D9B-A80F-D5B7D438FA23}.Release|Any CPU.Build.0 = Release|Any CPU
		{47248A88-177B-4F01-8461-D38DC8F20DC0}.Debug|Any CPU.ActiveCfg = Debug|Any CPU
		{47248A88-177B-4F01-8461-D38DC8F20DC0}.Debug|Any CPU.Build.0 = Debug|Any CPU
		{47248A88-177B-4F01-8461-D38DC8F20DC0}.Release|Any CPU.ActiveCfg = Release|Any CPU
		{47248A88-177B-4F01-8461-D38DC8F20DC0}.Release|Any CPU.Build.0 = Release|Any CPU
	EndGlobalSection
	GlobalSection(SolutionProperties) = preSolution
		HideSolutionNode = FALSE
	EndGlobalSection
	GlobalSection(ExtensibilityGlobals) = postSolution
		SolutionGuid = {A03EEF8C-1A3E-487D-AED0-3D2F6B3DB7AD}
	EndGlobalSection
EndGlobal
